{
  "requires": true,
  "lockfileVersion": 1,
  "dependencies": {
    "@babel/runtime": {
      "version": "7.17.7",
      "resolved": "https://registry.npmjs.org/@babel/runtime/-/runtime-7.17.7.tgz",
      "integrity": "sha512-L6rvG9GDxaLgFjg41K+5Yv9OMrU98sWe+Ykmc6FDJW/+vYZMhdOMKkISgzptMaERHvS2Y2lw9MDRm2gHhlQQoA==",
      "requires": {
        "regenerator-runtime": "^0.13.4"
      }
    },
    "@chevrotain/cst-dts-gen": {
      "version": "10.1.2",
      "resolved": "https://registry.npmjs.org/@chevrotain/cst-dts-gen/-/cst-dts-gen-10.1.2.tgz",
      "integrity": "sha512-E/XrL0QlzExycPzwhOEZGVOheJ/Clr5uNv3oCds88MiNqEmg3UU1iauZk7DhjsUo3jgEW4lf0I5HRl7/HC5ZkQ==",
      "requires": {
        "@chevrotain/gast": "^10.1.2",
        "@chevrotain/types": "^10.1.2",
        "lodash": "4.17.21"
      }
    },
    "@chevrotain/gast": {
      "version": "10.1.2",
      "resolved": "https://registry.npmjs.org/@chevrotain/gast/-/gast-10.1.2.tgz",
      "integrity": "sha512-er+TcxUOMuGOPoiOq8CJsRm92zGE4YPIYtyxJfxoVwVgtj4AMrPNCmrHvYaK/bsbt2DaDuFdcbbAfM9bcBXW6Q==",
      "requires": {
        "@chevrotain/types": "^10.1.2",
        "lodash": "4.17.21"
      }
    },
    "@chevrotain/types": {
      "version": "10.1.2",
      "resolved": "https://registry.npmjs.org/@chevrotain/types/-/types-10.1.2.tgz",
      "integrity": "sha512-4qF9SmmWKv8AIG/3d+71VFuqLumNCQTP5GoL0CW6x7Ay2OdXm6FUgWFLTMneGUjYUk2C+MSCf7etQfdq3LEr1A=="
    },
    "@chevrotain/utils": {
      "version": "10.1.2",
      "resolved": "https://registry.npmjs.org/@chevrotain/utils/-/utils-10.1.2.tgz",
      "integrity": "sha512-bbZIpW6fdyf7FMaeDmw3cBbkTqsecxEkwlVKgVfqqXWBPLH6azxhPA2V9F7OhoZSVrsnMYw7QuyK6qutXPjEew=="
    },
    "@next/env": {
      "version": "12.0.10",
      "resolved": "https://registry.npmjs.org/@next/env/-/env-12.0.10.tgz",
      "integrity": "sha512-mQVj0K6wQ5WEk/sL9SZ+mJXJUaG7el8CpZ6io1uFe9GgNTSC7EgUyNGqM6IQovIFc5ukF4O/hqsdh3S/DCgT2g=="
    },
    "@next/swc-android-arm64": {
      "version": "12.0.10",
      "resolved": "https://registry.npmjs.org/@next/swc-android-arm64/-/swc-android-arm64-12.0.10.tgz",
      "integrity": "sha512-xYwXGkNhzZZsM5MD7KRwF5ZNiC8OLPtVMUiagpPnwENg8Hb0GSQo/NbYWXM8YrawEwp9LaZ7OXiuRKPh2JyBdA==",
      "optional": true
    },
    "@next/swc-darwin-arm64": {
      "version": "12.0.10",
      "resolved": "https://registry.npmjs.org/@next/swc-darwin-arm64/-/swc-darwin-arm64-12.0.10.tgz",
      "integrity": "sha512-f2zngulkpIJKWHckhRi7X8GZ+J/tNgFF7lYIh7Qx15JH0OTBsjkqxORlkzy+VZyHJ5sWTCaI6HYYd3ow6qkEEg==",
      "optional": true
    },
    "@next/swc-darwin-x64": {
      "version": "12.0.10",
      "resolved": "https://registry.npmjs.org/@next/swc-darwin-x64/-/swc-darwin-x64-12.0.10.tgz",
      "integrity": "sha512-Qykcu/gVC5oTvOQoRBhyuS5GYm5SbcgrFTsaLFkGBmEkg9eMQRiaCswk4IafpDXVzITkVFurzSM28q3tLW2qUw==",
      "optional": true
    },
    "@next/swc-linux-arm-gnueabihf": {
      "version": "12.0.10",
      "resolved": "https://registry.npmjs.org/@next/swc-linux-arm-gnueabihf/-/swc-linux-arm-gnueabihf-12.0.10.tgz",
      "integrity": "sha512-EhqrTFsIXAXN9B/fiiW/QKUK/lSLCXRsLalkUp58KDfMqVLLlj1ORbESAcswiNQOChLuHQSldGEEtOBPQZcd9A==",
      "optional": true
    },
    "@next/swc-linux-arm64-gnu": {
      "version": "12.0.10",
      "resolved": "https://registry.npmjs.org/@next/swc-linux-arm64-gnu/-/swc-linux-arm64-gnu-12.0.10.tgz",
      "integrity": "sha512-kqGtC72g3+JYXZbY2ca6digXR5U6AQ6Dzv4eAxYluMePLHjI/Xye1mf9dwVsgmeXfrD/IRDp5K/3A6UNvBm4oQ==",
      "optional": true
    },
    "@next/swc-linux-arm64-musl": {
      "version": "12.0.10",
      "resolved": "https://registry.npmjs.org/@next/swc-linux-arm64-musl/-/swc-linux-arm64-musl-12.0.10.tgz",
      "integrity": "sha512-bG9zTSNwnSgc1Un/7oz1ZVN4UeXsTWrsQhAGWU78lLLCn4Zj9HQoUCRCGLt0OVs2DBZ+WC8CzzFliQ1SKipVbg==",
      "optional": true
    },
    "@next/swc-linux-x64-gnu": {
      "version": "12.0.10",
      "resolved": "https://registry.npmjs.org/@next/swc-linux-x64-gnu/-/swc-linux-x64-gnu-12.0.10.tgz",
      "integrity": "sha512-c79PcfWtyThiYRa1+3KVfDq0zXaI8o1d6dQWNVqDrtLz5HKM/rbjLdvoNuxDwUeZhxI/d9CtyH6GbuKPw5l/5A==",
      "optional": true
    },
    "@next/swc-linux-x64-musl": {
      "version": "12.0.10",
      "resolved": "https://registry.npmjs.org/@next/swc-linux-x64-musl/-/swc-linux-x64-musl-12.0.10.tgz",
      "integrity": "sha512-g/scgn+21/MLfizOCZOZt+MxNj2/8Tdlwjvy+QZcSUPZRUI2Y5o3HwBvI1f/bSci+NGRU+bUAO0NFtRJ9MzH5w==",
      "optional": true
    },
    "@next/swc-win32-arm64-msvc": {
      "version": "12.0.10",
      "resolved": "https://registry.npmjs.org/@next/swc-win32-arm64-msvc/-/swc-win32-arm64-msvc-12.0.10.tgz",
      "integrity": "sha512-gl6B/ravwMeY5Nv4Il2/ARYJQ6u+KPRwGMjS1ZrNudIKlNn4YBeXh5A4cIVm+dHaff6/O/lGOa5/SUYDMZpkww==",
      "optional": true
    },
    "@next/swc-win32-ia32-msvc": {
      "version": "12.0.10",
      "resolved": "https://registry.npmjs.org/@next/swc-win32-ia32-msvc/-/swc-win32-ia32-msvc-12.0.10.tgz",
      "integrity": "sha512-7RVpZ3tSThC6j+iZB0CUYmFiA3kXmN+pE7QcfyAxFaflKlaZoWNMKHIEZDuxSJc6YmQ6kyxsjqxVay2F5+/YCg==",
      "optional": true
    },
    "@next/swc-win32-x64-msvc": {
      "version": "12.0.10",
      "resolved": "https://registry.npmjs.org/@next/swc-win32-x64-msvc/-/swc-win32-x64-msvc-12.0.10.tgz",
      "integrity": "sha512-oUIWRKd24jFLRWUYO1CZmML5+32BcpVfqhimGaaZIXcOkfQW+iqiAzdqsv688zaGtyKGeB9ZtiK3NDf+Q0v+Vw==",
      "optional": true
    },
    "@react-spring/animated": {
      "version": "9.4.4",
      "resolved": "https://registry.npmjs.org/@react-spring/animated/-/animated-9.4.4.tgz",
      "integrity": "sha512-e9xnuBaUTD+NolKikUmrGWjX8AVCPyj1GcEgjgq9E+0sXKv46UY7cm2EmB6mUDTxWIDVKebARY++xT4nGDraBQ==",
      "requires": {
        "@react-spring/shared": "~9.4.4",
        "@react-spring/types": "~9.4.4"
      }
    },
    "@react-spring/core": {
      "version": "9.4.4",
      "resolved": "https://registry.npmjs.org/@react-spring/core/-/core-9.4.4.tgz",
      "integrity": "sha512-llgb0ljFyjMB0JhWsaFHOi9XFT8n1jBMVs1IFY2ipIBerWIRWrgUmIpakLPHTa4c4jwqTaDSwX90s2a0iN7dxQ==",
      "requires": {
        "@react-spring/animated": "~9.4.4",
        "@react-spring/rafz": "~9.4.4",
        "@react-spring/shared": "~9.4.4",
        "@react-spring/types": "~9.4.4"
      }
    },
    "@react-spring/rafz": {
      "version": "9.4.4",
      "resolved": "https://registry.npmjs.org/@react-spring/rafz/-/rafz-9.4.4.tgz",
      "integrity": "sha512-5ki/sQ06Mdf8AuFstSt5zbNNicRT4LZogiJttDAww1ozhuvemafNWEHxhzcULgCPCDu2s7HsroaISV7+GQWrhw=="
    },
    "@react-spring/shared": {
      "version": "9.4.4",
      "resolved": "https://registry.npmjs.org/@react-spring/shared/-/shared-9.4.4.tgz",
      "integrity": "sha512-ySVgScDZlhm/+Iy2smY9i/DDrShArY0j6zjTS/Re1lasKnhq8qigoGiAxe8xMPJNlCaj3uczCqHy3TY9bKRtfQ==",
      "requires": {
        "@react-spring/rafz": "~9.4.4",
        "@react-spring/types": "~9.4.4"
      }
    },
    "@react-spring/three": {
      "version": "9.4.4",
      "resolved": "https://registry.npmjs.org/@react-spring/three/-/three-9.4.4.tgz",
      "integrity": "sha512-z77ohxg8zG0CcZJojzfoJTTrjSbIyefNz2RlId68/4IypnOs1p8kB2Q1p+wX4KyWORpLg8ivsPcjtwBjGwfDtg==",
      "requires": {
        "@react-spring/animated": "~9.4.4",
        "@react-spring/core": "~9.4.4",
        "@react-spring/shared": "~9.4.4",
        "@react-spring/types": "~9.4.4"
      }
    },
    "@react-spring/types": {
      "version": "9.4.4",
      "resolved": "https://registry.npmjs.org/@react-spring/types/-/types-9.4.4.tgz",
      "integrity": "sha512-KpxKt/D//q/t/6FBcde/RE36LKp8PpWu7kFEMLwpzMGl9RpcexunmYOQJWwmJWtkQjgE1YRr7DzBMryz6La1cQ=="
    },
    "@react-three/drei": {
      "version": "8.16.7",
      "resolved": "https://registry.npmjs.org/@react-three/drei/-/drei-8.16.7.tgz",
      "integrity": "sha512-EMkm4Te7PoBwjai/helZVQu+0Gx7oEyyGIvRW/mY3Hs0FaXPGlCGhyX9QNFw54nDRpDJMKkZMAQW3KFrjtByqw==",
      "requires": {
        "@babel/runtime": "^7.11.2",
        "@react-spring/three": "^9.3.1",
        "@use-gesture/react": "^10.2.0",
        "detect-gpu": "^3.1.28",
        "glsl-noise": "^0.0.0",
        "lodash.omit": "^4.5.0",
        "lodash.pick": "^4.4.0",
        "react-composer": "^5.0.2",
        "react-merge-refs": "^1.1.0",
        "stats.js": "^0.17.0",
        "suspend-react": "^0.0.8",
        "three-mesh-bvh": "^0.5.4",
        "three-stdlib": "^2.8.7",
        "troika-three-text": "^0.46.2",
        "utility-types": "^3.10.0",
        "zustand": "^3.5.13"
      }
    },
    "@react-three/fiber": {
      "version": "7.0.26",
      "resolved": "https://registry.npmjs.org/@react-three/fiber/-/fiber-7.0.26.tgz",
      "integrity": "sha512-46NBais4fQIGcMGLBbOf84lp8y/cg73jOEVmAQQJqWX6iOVeNg29jYd15LBuCW2qPD1qDRU0rOfLbMDgwr/vxQ==",
      "requires": {
        "@babel/runtime": "^7.13.10",
        "react-merge-refs": "^1.1.0",
        "react-reconciler": "^0.26.2",
        "react-three-fiber": "0.0.0-deprecated",
        "react-use-measure": "^2.1.1",
        "resize-observer-polyfill": "^1.5.1",
        "scheduler": "^0.20.2",
        "use-asset": "^1.0.4",
        "utility-types": "^3.10.0",
        "zustand": "^3.5.1"
      }
    },
    "@types/node": {
      "version": "17.0.17",
      "resolved": "https://registry.npmjs.org/@types/node/-/node-17.0.17.tgz",
      "integrity": "sha512-e8PUNQy1HgJGV3iU/Bp2+D/DXh3PYeyli8LgIwsQcs1Ar1LoaWHSIT6Rw+H2rNJmiq6SNWiDytfx8+gYj7wDHw==",
      "dev": true
    },
    "@types/prop-types": {
      "version": "15.7.4",
      "resolved": "https://registry.npmjs.org/@types/prop-types/-/prop-types-15.7.4.tgz",
      "integrity": "sha512-rZ5drC/jWjrArrS8BR6SIr4cWpW09RNTYt9AMZo3Jwwif+iacXAqgVjm0B0Bv/S1jhDXKHqRVNCbACkJ89RAnQ==",
      "dev": true
    },
    "@types/react": {
      "version": "17.0.39",
      "resolved": "https://registry.npmjs.org/@types/react/-/react-17.0.39.tgz",
      "integrity": "sha512-UVavlfAxDd/AgAacMa60Azl7ygyQNRwC/DsHZmKgNvPmRR5p70AJ5Q9EAmL2NWOJmeV+vVUI4IAP7GZrN8h8Ug==",
      "dev": true,
      "requires": {
        "@types/prop-types": "*",
        "@types/scheduler": "*",
        "csstype": "^3.0.2"
      }
    },
    "@types/scheduler": {
      "version": "0.16.2",
      "resolved": "https://registry.npmjs.org/@types/scheduler/-/scheduler-0.16.2.tgz",
      "integrity": "sha512-hppQEBDmlwhFAXKJX2KnWLYu5yMfi91yazPb2l+lbJiwW+wdo1gNeRA+3RgNSO39WYX2euey41KEwnqesU2Jew==",
      "dev": true
    },
    "@use-gesture/core": {
      "version": "10.2.10",
      "resolved": "https://registry.npmjs.org/@use-gesture/core/-/core-10.2.10.tgz",
      "integrity": "sha512-7WFIDfeTB+7RBui8YOrB2xbgmvMsvaCDjyzrdvECKkgOpIynNSdhlLXjiFuqQMtnK71IL/9WNZNU0P8xuaLuUQ=="
    },
    "@use-gesture/react": {
      "version": "10.2.10",
      "resolved": "https://registry.npmjs.org/@use-gesture/react/-/react-10.2.10.tgz",
      "integrity": "sha512-znChnKVAMMGXD9J7fCKN686BJNBlUJaRtCu92IQXVWdcxg4MqS0SgsBslGnTWXTlsHVkg5zcGjKYf7qYkOf0Rg==",
      "requires": {
        "@use-gesture/core": "10.2.10"
      }
    },
    "@webgpu/glslang": {
      "version": "0.0.15",
      "resolved": "https://registry.npmjs.org/@webgpu/glslang/-/glslang-0.0.15.tgz",
      "integrity": "sha512-niT+Prh3Aff8Uf1MVBVUsaNjFj9rJAKDXuoHIKiQbB+6IUP/3J3JIhBNyZ7lDhytvXxw6ppgnwKZdDJ08UMj4Q=="
    },
    "bidi-js": {
      "version": "1.0.2",
      "resolved": "https://registry.npmjs.org/bidi-js/-/bidi-js-1.0.2.tgz",
      "integrity": "sha512-rzSy/k7WdX5zOyeHHCOixGXbCHkyogkxPKL2r8QtzHmVQDiWCXUWa18bLdMWT9CYMLOYTjWpTHawuev2ouYJVw==",
      "requires": {
        "require-from-string": "^2.0.2"
      }
    },
    "caniuse-lite": {
      "version": "1.0.30001312",
      "resolved": "https://registry.npmjs.org/caniuse-lite/-/caniuse-lite-1.0.30001312.tgz",
      "integrity": "sha512-Wiz1Psk2MEK0pX3rUzWaunLTZzqS2JYZFzNKqAiJGiuxIjRPLgV6+VDPOg6lQOUxmDwhTlh198JsTTi8Hzw6aQ=="
    },
    "chevrotain": {
      "version": "10.1.2",
      "resolved": "https://registry.npmjs.org/chevrotain/-/chevrotain-10.1.2.tgz",
      "integrity": "sha512-hvRiQuhhTZxkPMGD/dke+s1EGo8AkKDBU05CcufBO278qgAQSwIC4QyLdHz0CFHVtqVYWjlAS5D1KwvBbaHT+w==",
      "requires": {
        "@chevrotain/cst-dts-gen": "^10.1.2",
        "@chevrotain/gast": "^10.1.2",
        "@chevrotain/types": "^10.1.2",
        "@chevrotain/utils": "^10.1.2",
        "lodash": "4.17.21",
        "regexp-to-ast": "0.5.0"
      }
    },
    "csstype": {
      "version": "3.0.10",
      "resolved": "https://registry.npmjs.org/csstype/-/csstype-3.0.10.tgz",
      "integrity": "sha512-2u44ZG2OcNUO9HDp/Jl8C07x6pU/eTR3ncV91SiK3dhG9TWvRVsCoJw14Ckx5DgWkzGA3waZWO3d7pgqpUI/XA==",
      "dev": true
    },
    "debounce": {
      "version": "1.2.1",
      "resolved": "https://registry.npmjs.org/debounce/-/debounce-1.2.1.tgz",
      "integrity": "sha512-XRRe6Glud4rd/ZGQfiV1ruXSfbvfJedlV9Y6zOlP+2K04vBYiJEte6stfFkCP03aMnY5tsipamumUjL14fofug=="
    },
    "detect-gpu": {
      "version": "3.1.30",
      "resolved": "https://registry.npmjs.org/detect-gpu/-/detect-gpu-3.1.30.tgz",
      "integrity": "sha512-WUOk8imHH56AWVt6iHry69qbNEFsPjtS6qsinurfxeI3bVYQZzFk8zECTaodLxfeRad7QspDjjkJWkp5vBo8WA==",
      "requires": {
        "webgl-constants": "^1.1.1"
      }
    },
    "draco3d": {
      "version": "1.5.2",
      "resolved": "https://registry.npmjs.org/draco3d/-/draco3d-1.5.2.tgz",
      "integrity": "sha512-AeRQ25Fb29c14vpjnh167UGW0nGY0ZpEM3ld+zEXoEySlmEXcXfsCHZeTgo5qXH925V1JsdjrzasdaQ22/vXog=="
    },
    "fast-deep-equal": {
      "version": "3.1.3",
      "resolved": "https://registry.npmjs.org/fast-deep-equal/-/fast-deep-equal-3.1.3.tgz",
      "integrity": "sha512-f3qQ9oQy9j2AhBe/H9VC91wLmKBCCU/gDOnKNAYG5hswO7BLKj09Hc5HYNz9cGI++xlpDCIgDaitVs03ATR84Q=="
    },
    "fflate": {
      "version": "0.6.10",
      "resolved": "https://registry.npmjs.org/fflate/-/fflate-0.6.10.tgz",
      "integrity": "sha512-IQrh3lEPM93wVCEczc9SaAOvkmcoQn/G8Bo1e8ZPlY3X3bnAxWaBdvTdvM1hP62iZp0BXWDy4vTAy4fF0+Dlpg=="
    },
    "glsl-noise": {
      "version": "0.0.0",
      "resolved": "https://registry.npmjs.org/glsl-noise/-/glsl-noise-0.0.0.tgz",
      "integrity": "sha1-NndF86MzgsDu7Ey1S36Zz8HXZws="
    },
    "js-tokens": {
      "version": "4.0.0",
      "resolved": "https://registry.npmjs.org/js-tokens/-/js-tokens-4.0.0.tgz",
      "integrity": "sha512-RdJUflcE3cUzKiMqQgsCu06FPu9UdIJO0beYbPhHN4k6apgJtifcoCtT9bcxOpYBtpD2kCM6Sbzg4CausW/PKQ=="
    },
    "ktx-parse": {
      "version": "0.2.2",
      "resolved": "https://registry.npmjs.org/ktx-parse/-/ktx-parse-0.2.2.tgz",
      "integrity": "sha512-cFBc1jnGG2WlUf52NbDUXK2obJ+Mo9WUkBRvr6tP6CKxRMvZwDDFNV3JAS4cewETp5KyexByfWm9sm+O8AffiQ=="
    },
    "lodash": {
      "version": "4.17.21",
      "resolved": "https://registry.npmjs.org/lodash/-/lodash-4.17.21.tgz",
      "integrity": "sha512-v2kDEe57lecTulaDIuNTPy3Ry4gLGJ6Z1O3vE1krgXZNrsQ+LFTGHVxVjcXPs17LhbZVGedAJv8XZ1tvj5FvSg=="
    },
    "lodash.omit": {
      "version": "4.5.0",
      "resolved": "https://registry.npmjs.org/lodash.omit/-/lodash.omit-4.5.0.tgz",
      "integrity": "sha1-brGa5aHuHdnfC5aeZs4Lf6MLXmA="
    },
    "lodash.pick": {
      "version": "4.4.0",
      "resolved": "https://registry.npmjs.org/lodash.pick/-/lodash.pick-4.4.0.tgz",
      "integrity": "sha1-UvBWEP/53tQiYRRB7R/BI6AwAbM="
    },
    "loose-envify": {
      "version": "1.4.0",
      "resolved": "https://registry.npmjs.org/loose-envify/-/loose-envify-1.4.0.tgz",
      "integrity": "sha512-lyuxPGr/Wfhrlem2CL/UcnUc1zcqKAImBDzukY7Y5F/yQiNdko6+fRLevlw1HgMySw7f611UIY408EtxRSoK3Q==",
      "requires": {
        "js-tokens": "^3.0.0 || ^4.0.0"
      }
    },
    "mmd-parser": {
      "version": "1.0.4",
      "resolved": "https://registry.npmjs.org/mmd-parser/-/mmd-parser-1.0.4.tgz",
      "integrity": "sha512-Qi0VCU46t2IwfGv5KF0+D/t9cizcDug7qnNoy9Ggk7aucp0tssV8IwTMkBlDbm+VqAf3cdQHTCARKSsuS2MYFg=="
    },
    "nanoid": {
      "version": "3.2.0",
      "resolved": "https://registry.npmjs.org/nanoid/-/nanoid-3.2.0.tgz",
      "integrity": "sha512-fmsZYa9lpn69Ad5eDn7FMcnnSR+8R34W9qJEijxYhTbfOWzr22n1QxCMzXLK+ODyW2973V3Fux959iQoUxzUIA=="
    },
    "next": {
      "version": "12.0.10",
      "resolved": "https://registry.npmjs.org/next/-/next-12.0.10.tgz",
      "integrity": "sha512-1y3PpGzpb/EZzz1jgne+JfZXKAVJUjYXwxzrADf/LWN+8yi9o79vMLXpW3mevvCHkEF2sBnIdjzNn16TJrINUw==",
      "requires": {
        "@next/env": "12.0.10",
        "@next/swc-android-arm64": "12.0.10",
        "@next/swc-darwin-arm64": "12.0.10",
        "@next/swc-darwin-x64": "12.0.10",
        "@next/swc-linux-arm-gnueabihf": "12.0.10",
        "@next/swc-linux-arm64-gnu": "12.0.10",
        "@next/swc-linux-arm64-musl": "12.0.10",
        "@next/swc-linux-x64-gnu": "12.0.10",
        "@next/swc-linux-x64-musl": "12.0.10",
        "@next/swc-win32-arm64-msvc": "12.0.10",
        "@next/swc-win32-ia32-msvc": "12.0.10",
        "@next/swc-win32-x64-msvc": "12.0.10",
        "caniuse-lite": "^1.0.30001283",
        "postcss": "8.4.5",
        "styled-jsx": "5.0.0",
        "use-subscription": "1.5.1"
      }
    },
    "object-assign": {
      "version": "4.1.1",
      "resolved": "https://registry.npmjs.org/object-assign/-/object-assign-4.1.1.tgz",
      "integrity": "sha1-IQmtx5ZYh8/AXLvUQsrIv7s2CGM="
    },
    "opentype.js": {
      "version": "1.3.4",
      "resolved": "https://registry.npmjs.org/opentype.js/-/opentype.js-1.3.4.tgz",
      "integrity": "sha512-d2JE9RP/6uagpQAVtJoF0pJJA/fgai89Cc50Yp0EJHk+eLp6QQ7gBoblsnubRULNY132I0J1QKMJ+JTbMqz4sw==",
      "requires": {
        "string.prototype.codepointat": "^0.2.1",
        "tiny-inflate": "^1.0.3"
      }
    },
    "picocolors": {
      "version": "1.0.0",
      "resolved": "https://registry.npmjs.org/picocolors/-/picocolors-1.0.0.tgz",
      "integrity": "sha512-1fygroTLlHu66zi26VoTDv8yRgm0Fccecssto+MhsZ0D/DGW2sm8E8AjW7NU5VVTRt5GxbeZ5qBuJr+HyLYkjQ=="
    },
    "postcss": {
      "version": "8.4.5",
      "resolved": "https://registry.npmjs.org/postcss/-/postcss-8.4.5.tgz",
      "integrity": "sha512-jBDboWM8qpaqwkMwItqTQTiFikhs/67OYVvblFFTM7MrZjt6yMKd6r2kgXizEbTTljacm4NldIlZnhbjr84QYg==",
      "requires": {
        "nanoid": "^3.1.30",
        "picocolors": "^1.0.0",
        "source-map-js": "^1.0.1"
      }
    },
    "potpack": {
      "version": "1.0.2",
      "resolved": "https://registry.npmjs.org/potpack/-/potpack-1.0.2.tgz",
      "integrity": "sha512-choctRBIV9EMT9WGAZHn3V7t0Z2pMQyl0EZE6pFc/6ml3ssw7Dlf/oAOvFwjm1HVsqfQN8GfeFyJ+d8tRzqueQ=="
    },
    "prop-types": {
      "version": "15.8.1",
      "resolved": "https://registry.npmjs.org/prop-types/-/prop-types-15.8.1.tgz",
      "integrity": "sha512-oj87CgZICdulUohogVAR7AjlC0327U4el4L6eAvOqCeudMDVU0NThNaV+b9Df4dXgSP1gXMTnPdhfe/2qDH5cg==",
      "requires": {
        "loose-envify": "^1.4.0",
        "object-assign": "^4.1.1",
        "react-is": "^16.13.1"
      }
    },
    "react": {
      "version": "17.0.2",
      "resolved": "https://registry.npmjs.org/react/-/react-17.0.2.tgz",
      "integrity": "sha512-gnhPt75i/dq/z3/6q/0asP78D0u592D5L1pd7M8P+dck6Fu/jJeL6iVVK23fptSUZj8Vjf++7wXA8UNclGQcbA==",
      "requires": {
        "loose-envify": "^1.1.0",
        "object-assign": "^4.1.1"
      }
    },
    "react-composer": {
      "version": "5.0.2",
      "resolved": "https://registry.npmjs.org/react-composer/-/react-composer-5.0.2.tgz",
      "integrity": "sha512-6E2UNjUF0e7KRY+/faU2Hv7D9zagXnYdTfSSCGdYfuds6mRnVpN19vrbHXShaQzJNVXL4VOUb8qq6DvClDIG1g==",
      "requires": {
        "prop-types": "^15.6.0"
      }
    },
    "react-dom": {
      "version": "17.0.2",
      "resolved": "https://registry.npmjs.org/react-dom/-/react-dom-17.0.2.tgz",
      "integrity": "sha512-s4h96KtLDUQlsENhMn1ar8t2bEa+q/YAtj8pPPdIjPDGBDIVNsrD9aXNWqspUe6AzKCIG0C1HZZLqLV7qpOBGA==",
      "requires": {
        "loose-envify": "^1.1.0",
        "object-assign": "^4.1.1",
        "scheduler": "^0.20.2"
      }
    },
    "react-is": {
      "version": "16.13.1",
      "resolved": "https://registry.npmjs.org/react-is/-/react-is-16.13.1.tgz",
      "integrity": "sha512-24e6ynE2H+OKt4kqsOvNd8kBpV65zoxbA4BVsEOB3ARVWQki/DHzaUoC5KuON/BiccDaCCTZBuOcfZs70kR8bQ=="
    },
    "react-merge-refs": {
      "version": "1.1.0",
      "resolved": "https://registry.npmjs.org/react-merge-refs/-/react-merge-refs-1.1.0.tgz",
      "integrity": "sha512-alTKsjEL0dKH/ru1Iyn7vliS2QRcBp9zZPGoWxUOvRGWPUYgjo+V01is7p04It6KhgrzhJGnIj9GgX8W4bZoCQ=="
    },
    "react-reconciler": {
      "version": "0.26.2",
      "resolved": "https://registry.npmjs.org/react-reconciler/-/react-reconciler-0.26.2.tgz",
      "integrity": "sha512-nK6kgY28HwrMNwDnMui3dvm3rCFjZrcGiuwLc5COUipBK5hWHLOxMJhSnSomirqWwjPBJKV1QcbkI0VJr7Gl1Q==",
      "requires": {
        "loose-envify": "^1.1.0",
        "object-assign": "^4.1.1",
        "scheduler": "^0.20.2"
      }
    },
    "react-three-fiber": {
      "version": "0.0.0-deprecated",
      "resolved": "https://registry.npmjs.org/react-three-fiber/-/react-three-fiber-0.0.0-deprecated.tgz",
      "integrity": "sha512-EblIqTAsIpkYeM8bZtC4lcpTE0A2zCEGipFB52RgcQq/q+0oryrk7Sxt+sqhIjUu6xMNEVywV8dr74lz5yWO6A=="
    },
    "react-use-measure": {
      "version": "2.1.1",
      "resolved": "https://registry.npmjs.org/react-use-measure/-/react-use-measure-2.1.1.tgz",
      "integrity": "sha512-nocZhN26cproIiIduswYpV5y5lQpSQS1y/4KuvUCjSKmw7ZWIS/+g3aFnX3WdBkyuGUtTLif3UTqnLLhbDoQig==",
      "requires": {
        "debounce": "^1.2.1"
      }
    },
    "regenerator-runtime": {
      "version": "0.13.9",
      "resolved": "https://registry.npmjs.org/regenerator-runtime/-/regenerator-runtime-0.13.9.tgz",
      "integrity": "sha512-p3VT+cOEgxFsRRA9X4lkI1E+k2/CtnKtU4gcxyaCUreilL/vqI6CdZ3wxVUx3UOUg+gnUOQQcRI7BmSI656MYA=="
    },
    "regexp-to-ast": {
      "version": "0.5.0",
      "resolved": "https://registry.npmjs.org/regexp-to-ast/-/regexp-to-ast-0.5.0.tgz",
      "integrity": "sha512-tlbJqcMHnPKI9zSrystikWKwHkBqu2a/Sgw01h3zFjvYrMxEDYHzzoMZnUrbIfpTFEsoRnnviOXNCzFiSc54Qw=="
    },
    "require-from-string": {
      "version": "2.0.2",
      "resolved": "https://registry.npmjs.org/require-from-string/-/require-from-string-2.0.2.tgz",
      "integrity": "sha512-Xf0nWe6RseziFMu+Ap9biiUbmplq6S9/p+7w7YXP/JBHhrUDDUhwa+vANyubuqfZWTveU//DYVGsDG7RKL/vEw=="
    },
    "resize-observer-polyfill": {
      "version": "1.5.1",
      "resolved": "https://registry.npmjs.org/resize-observer-polyfill/-/resize-observer-polyfill-1.5.1.tgz",
      "integrity": "sha512-LwZrotdHOo12nQuZlHEmtuXdqGoOD0OhaxopaNFxWzInpEgaLWoVuAMbTzixuosCx2nEG58ngzW3vxdWoxIgdg=="
    },
    "scheduler": {
      "version": "0.20.2",
      "resolved": "https://registry.npmjs.org/scheduler/-/scheduler-0.20.2.tgz",
      "integrity": "sha512-2eWfGgAqqWFGqtdMmcL5zCMK1U8KlXv8SQFGglL3CEtd0aDVDWgeF/YoCmvln55m5zSk3J/20hTaSBeSObsQDQ==",
      "requires": {
        "loose-envify": "^1.1.0",
        "object-assign": "^4.1.1"
      }
    },
    "source-map-js": {
      "version": "1.0.2",
      "resolved": "https://registry.npmjs.org/source-map-js/-/source-map-js-1.0.2.tgz",
      "integrity": "sha512-R0XvVJ9WusLiqTCEiGCmICCMplcCkIwwR11mOSD9CR5u+IXYdiseeEuXCVAjS54zqwkLcPNnmU4OeJ6tUrWhDw=="
    },
    "stats.js": {
      "version": "0.17.0",
      "resolved": "https://registry.npmjs.org/stats.js/-/stats.js-0.17.0.tgz",
      "integrity": "sha1-scPcRtlEmLV4t/05hbgaznExzH0="
    },
    "string.prototype.codepointat": {
      "version": "0.2.1",
      "resolved": "https://registry.npmjs.org/string.prototype.codepointat/-/string.prototype.codepointat-0.2.1.tgz",
      "integrity": "sha512-2cBVCj6I4IOvEnjgO/hWqXjqBGsY+zwPmHl12Srk9IXSZ56Jwwmy+66XO5Iut/oQVR7t5ihYdLB0GMa4alEUcg=="
    },
    "styled-jsx": {
      "version": "5.0.0",
      "resolved": "https://registry.npmjs.org/styled-jsx/-/styled-jsx-5.0.0.tgz",
      "integrity": "sha512-qUqsWoBquEdERe10EW8vLp3jT25s/ssG1/qX5gZ4wu15OZpmSMFI2v+fWlRhLfykA5rFtlJ1ME8A8pm/peV4WA=="
    },
    "suspend-react": {
      "version": "0.0.8",
      "resolved": "https://registry.npmjs.org/suspend-react/-/suspend-react-0.0.8.tgz",
      "integrity": "sha512-ZC3r8Hu1y0dIThzsGw0RLZplnX9yXwfItcvaIzJc2VQVi8TGyGDlu92syMB5ulybfvGLHAI5Ghzlk23UBPF8xg=="
    },
    "three": {
      "version": "0.138.3",
      "resolved": "https://registry.npmjs.org/three/-/three-0.138.3.tgz",
      "integrity": "sha512-4t1cKC8gimNyJChJbaklg8W/qj3PpsLJUIFm5LIuAy/hVxxNm1ru2FGTSfbTSsuHmC/7ipsyuGKqrSAKLNtkzg=="
    },
    "three-mesh-bvh": {
      "version": "0.5.6",
      "resolved": "https://registry.npmjs.org/three-mesh-bvh/-/three-mesh-bvh-0.5.6.tgz",
      "integrity": "sha512-vxY5amYZLwhsd2X5BtHNXXG0P4XKuIu03q57IynGrHOKXHrnfYLOSOtyi23rnlf8FoZcdlj2fe+bFgIrDxyrmw=="
    },
    "three-stdlib": {
      "version": "2.8.8",
      "resolved": "https://registry.npmjs.org/three-stdlib/-/three-stdlib-2.8.8.tgz",
      "integrity": "sha512-M178LLexkFajq4/HfLNchpHRYgDGFL5qrv0bO3fkr0JN3+fUvEbml7kFgmiQ1ohZeYbSl2cwWN3MxHb+e2sf5w==",
      "requires": {
        "@babel/runtime": "^7.16.7",
        "@webgpu/glslang": "^0.0.15",
        "chevrotain": "^10.1.1",
        "draco3d": "^1.4.1",
        "fflate": "^0.6.9",
        "ktx-parse": "^0.2.1",
        "mmd-parser": "^1.0.4",
        "opentype.js": "^1.3.3",
        "potpack": "^1.0.1",
        "zstddec": "^0.0.2"
      }
    },
    "tiny-inflate": {
      "version": "1.0.3",
      "resolved": "https://registry.npmjs.org/tiny-inflate/-/tiny-inflate-1.0.3.tgz",
      "integrity": "sha512-pkY1fj1cKHb2seWDy0B16HeWyczlJA9/WW3u3c4z/NiWDsO3DOU5D7nhTLE9CF0yXv/QZFY7sEJmj24dK+Rrqw=="
    },
    "troika-three-text": {
      "version": "0.46.3",
      "resolved": "https://registry.npmjs.org/troika-three-text/-/troika-three-text-0.46.3.tgz",
      "integrity": "sha512-95DMxswSd9t9+vsz7+snxHIAA1X04syrWq8v6N835/iiejarszKmF8NqlRSs5VscCYXaJVbGspZbdrGKpP4S4Q==",
      "requires": {
        "bidi-js": "^1.0.2",
        "troika-three-utils": "^0.46.0",
        "troika-worker-utils": "^0.46.0",
        "webgl-sdf-generator": "1.1.1"
      }
    },
    "troika-three-utils": {
      "version": "0.46.0",
      "resolved": "https://registry.npmjs.org/troika-three-utils/-/troika-three-utils-0.46.0.tgz",
      "integrity": "sha512-llHyrXAcwzr0bpg80GxsIp73N7FuImm4WCrKDJkAqcAsWmE5pfP9+Qzw+oMWK1P/AdHQ79eOrOl9NjyW4aOw0w=="
    },
    "troika-worker-utils": {
      "version": "0.46.0",
      "resolved": "https://registry.npmjs.org/troika-worker-utils/-/troika-worker-utils-0.46.0.tgz",
      "integrity": "sha512-bzOx5f2ZBxkFhXtIvDJlLn2AI3bzCkGVbCndl/2dL5QZrwHEKl45OEIilCxYQQWJG1rEbOD9O80tMjoYjw19OA=="
    },
    "typescript": {
      "version": "4.5.5",
      "resolved": "https://registry.npmjs.org/typescript/-/typescript-4.5.5.tgz",
      "integrity": "sha512-TCTIul70LyWe6IJWT8QSYeA54WQe8EjQFU4wY52Fasj5UKx88LNYKCgBEHcOMOrFF1rKGbD8v/xcNWVUq9SymA==",
      "dev": true
    },
    "use-asset": {
      "version": "1.0.4",
      "resolved": "https://registry.npmjs.org/use-asset/-/use-asset-1.0.4.tgz",
      "integrity": "sha512-7/hqDrWa0iMnCoET9W1T07EmD4Eg/Wmoj/X8TGBc++ECRK4m5yTsjP4O6s0yagbxfqIOuUkIxe2/sA+VR2GxZA==",
      "requires": {
        "fast-deep-equal": "^3.1.3"
      }
    },
    "use-subscription": {
      "version": "1.5.1",
      "resolved": "https://registry.npmjs.org/use-subscription/-/use-subscription-1.5.1.tgz",
      "integrity": "sha512-Xv2a1P/yReAjAbhylMfFplFKj9GssgTwN7RlcTxBujFQcloStWNDQdc4g4NRWH9xS4i/FDk04vQBptAXoF3VcA==",
      "requires": {
        "object-assign": "^4.1.1"
      }
    },
    "utility-types": {
      "version": "3.10.0",
      "resolved": "https://registry.npmjs.org/utility-types/-/utility-types-3.10.0.tgz",
      "integrity": "sha512-O11mqxmi7wMKCo6HKFt5AhO4BwY3VV68YU07tgxfz8zJTIxr4BpsezN49Ffwy9j3ZpwwJp4fkRwjRzq3uWE6Rg=="
    },
    "webgl-constants": {
      "version": "1.1.1",
      "resolved": "https://registry.npmjs.org/webgl-constants/-/webgl-constants-1.1.1.tgz",
      "integrity": "sha512-LkBXKjU5r9vAW7Gcu3T5u+5cvSvh5WwINdr0C+9jpzVB41cjQAP5ePArDtk/WHYdVj0GefCgM73BA7FlIiNtdg=="
    },
    "webgl-sdf-generator": {
      "version": "1.1.1",
      "resolved": "https://registry.npmjs.org/webgl-sdf-generator/-/webgl-sdf-generator-1.1.1.tgz",
      "integrity": "sha512-9Z0JcMTFxeE+b2x1LJTdnaT8rT8aEp7MVxkNwoycNmJWwPdzoXzMh0BjJSh/AEFP+KPYZUli814h8bJZFIZ2jA=="
    },
    "zstddec": {
      "version": "0.0.2",
      "resolved": "https://registry.npmjs.org/zstddec/-/zstddec-0.0.2.tgz",
      "integrity": "sha512-DCo0oxvcvOTGP/f5FA6tz2Z6wF+FIcEApSTu0zV5sQgn9hoT5lZ9YRAKUraxt9oP7l4e8TnNdi8IZTCX6WCkwA=="
    },
    "zustand": {
      "version": "3.7.1",
      "resolved": "https://registry.npmjs.org/zustand/-/zustand-3.7.1.tgz",
      "integrity": "sha512-wHBCZlKj+bg03/hP+Tzv24YhnqqP8MCeN9ECPDXoF01062SIbnfl3j9O0znkDw1lNTY0a8WN3F///a0UhhaEqg=="
    }
  }
}
